
Microsoft Visual Studio Solution File, Format Version 12.00
# Visual Studio Version 17
VisualStudioVersion = 17.5.33424.131
MinimumVisualStudioVersion = 10.0.40219.1
Project("{8BC9CEB8-8B4A-11D0-8D11-00A0C91BC942}") = "Pewarisan", "Pewarisan\Pewarisan.vcxproj", "{028DEA75-58F1-4228-8548-407CB972C44E}"
EndProject
Project("{8BC9CEB8-8B4A-11D0-8D11-00A0C91BC942}") = "Asosiasi", "Asosiasi\Asosiasi.vcxproj", "{B0A2AE7B-FF1E-4D07-A67D-99898A70DE63}"
EndProject
Project("{8BC9CEB8-8B4A-11D0-8D11-00A0C91BC942}") = "MainIA", "MainIA\MainIA.vcxproj", "{D80FE045-8646-491C-BB21-1F7EC5BBA446}"
EndProject
Project("{8BC9CEB8-8B4A-11D0-8D11-00A0C91BC942}") = "MainJM", "MainJM\MainJM.vcxproj", "{22B66BE3-8611-4150-84A9-9453B71ECE28}"
EndProject
Global
	GlobalSection(SolutionConfigurationPlatforms) = preSolution
		Debug|x64 = Debug|x64
		Debug|x86 = Debug|x86
		Release|x64 = Release|x64
		Release|x86 = Release|x86
	EndGlobalSection
	GlobalSection(ProjectConfigurationPlatforms) = postSolution
		{028DEA75-58F1-4228-8548-407CB972C44E}.Debug|x64.ActiveCfg = Debug|x64
		{028DEA75-58F1-4228-8548-407CB972C44E}.Debug|x64.Build.0 = Debug|x64
		{028DEA75-58F1-4228-8548-407CB972C44E}.Debug|x86.ActiveCfg = Debug|Win32
		{028DEA75-58F1-4228-8548-407CB972C44E}.Debug|x86.Build.0 = Debug|Win32
		{028DEA75-58F1-4228-8548-407CB972C44E}.Release|x64.ActiveCfg = Release|x64
		{028DEA75-58F1-4228-8548-407CB972C44E}.Release|x64.Build.0 = Release|x64
		{028DEA75-58F1-4228-8548-407CB972C44E}.Release|x86.ActiveCfg = Release|Win32
		{028DEA75-58F1-4228-8548-407CB972C44E}.Release|x86.Build.0 = Release|Win32
		{B0A2AE7B-FF1E-4D07-A67D-99898A70DE63}.Debug|x64.ActiveCfg = Debug|x64
		{B0A2AE7B-FF1E-4D07-A67D-99898A70DE63}.Debug|x64.Build.0 = Debug|x64
		{B0A2AE7B-FF1E-4D07-A67D-99898A70DE63}.Debug|x86.ActiveCfg = Debug|Win32
		{B0A2AE7B-FF1E-4D07-A67D-99898A70DE63}.Debug|x86.Build.0 = Debug|Win32
		{B0A2AE7B-FF1E-4D07-A67D-99898A70DE63}.Release|x64.ActiveCfg = Release|x64
		{B0A2AE7B-FF1E-4D07-A67D-99898A70DE63}.Release|x64.Build.0 = Release|x64
		{B0A2AE7B-FF1E-4D07-A67D-99898A70DE63}.Release|x86.ActiveCfg = Release|Win32
		{B0A2AE7B-FF1E-4D07-A67D-99898A70DE63}.Release|x86.Build.0 = Release|Win32
		{D80FE045-8646-491C-BB21-1F7EC5BBA446}.Debug|x64.ActiveCfg = Debug|x64
		{D80FE045-8646-491C-BB21-1F7EC5BBA446}.Debug|x64.Build.0 = Debug|x64
		{D80FE045-8646-491C-BB21-1F7EC5BBA446}.Debug|x86.ActiveCfg = Debug|Win32
		{D80FE045-8646-491C-BB21-1F7EC5BBA446}.Debug|x86.Build.0 = Debug|Win32
		{D80FE045-8646-491C-BB21-1F7EC5BBA446}.Release|x64.ActiveCfg = Release|x64
		{D80FE045-8646-491C-BB21-1F7EC5BBA446}.Release|x64.Build.0 = Release|x64
		{D80FE045-8646-491C-BB21-1F7EC5BBA446}.Release|x86.ActiveCfg = Release|Win32
		{D80FE045-8646-491C-BB21-1F7EC5BBA446}.Release|x86.Build.0 = Release|Win32
		{22B66BE3-8611-4150-84A9-9453B71ECE28}.Debug|x64.ActiveCfg = Debug|x64
		{22B66BE3-8611-4150-84A9-9453B71ECE28}.Debug|x64.Build.0 = Debug|x64
		{22B66BE3-8611-4150-84A9-9453B71ECE28}.Debug|x86.ActiveCfg = Debug|Win32
		{22B66BE3-8611-4150-84A9-9453B71ECE28}.Debug|x86.Build.0 = Debug|Win32
		{22B66BE3-8611-4150-84A9-9453B71ECE28}.Release|x64.ActiveCfg = Release|x64
		{22B66BE3-8611-4150-84A9-9453B71ECE28}.Release|x64.Build.0 = Release|x64
		{22B66BE3-8611-4150-84A9-9453B71ECE28}.Release|x86.ActiveCfg = Release|Win32
		{22B66BE3-8611-4150-84A9-9453B71ECE28}.Release|x86.Build.0 = Release|Win32
	EndGlobalSection
	GlobalSection(SolutionProperties) = preSolution
		HideSolutionNode = FALSE
	EndGlobalSection
	GlobalSection(ExtensibilityGlobals) = postSolution
		SolutionGuid = {259DEB12-9AA1-42CB-B74A-91EE5176ABB2}
	EndGlobalSection
EndGlobal
